// !$*UTF8*$!
{
	archiveVersion = 1;
	classes = {
	};
	objectVersion = 55;
	objects = {

/* Begin PBXBuildFile section */
		391C9FB328AE30F500E2F849 /* AppDelegate.swift in Sources */ = {isa = PBXBuildFile; fileRef = 391C9FB228AE30F500E2F849 /* AppDelegate.swift */; };
		391C9FB528AE30F500E2F849 /* SceneDelegate.swift in Sources */ = {isa = PBXBuildFile; fileRef = 391C9FB428AE30F500E2F849 /* SceneDelegate.swift */; };
		391C9FB728AE30F500E2F849 /* ViewController.swift in Sources */ = {isa = PBXBuildFile; fileRef = 391C9FB628AE30F500E2F849 /* ViewController.swift */; };
		391C9FBA28AE30F500E2F849 /* Main.storyboard in Resources */ = {isa = PBXBuildFile; fileRef = 391C9FB828AE30F500E2F849 /* Main.storyboard */; };
		391C9FBD28AE30F500E2F849 /* Guess.xcdatamodeld in Sources */ = {isa = PBXBuildFile; fileRef = 391C9FBB28AE30F500E2F849 /* Guess.xcdatamodeld */; };
		391C9FBF28AE30F700E2F849 /* Assets.xcassets in Resources */ = {isa = PBXBuildFile; fileRef = 391C9FBE28AE30F700E2F849 /* Assets.xcassets */; };
		391C9FC228AE30F700E2F849 /* LaunchScreen.storyboard in Resources */ = {isa = PBXBuildFile; fileRef = 391C9FC028AE30F700E2F849 /* LaunchScreen.storyboard */; };
		39F8195328B4DC24007FEEE9 /* SecondViewController.swift in Sources */ = {isa = PBXBuildFile; fileRef = 39F8195228B4DC24007FEEE9 /* SecondViewController.swift */; };
/* End PBXBuildFile section */

/* Begin PBXFileReference section */
		391C9FAF28AE30F500E2F849 /* Guess.app */ = {isa = PBXFileReference; explicitFileType = wrapper.application; includeInIndex = 0; path = Guess.app; sourceTree = BUILT_PRODUCTS_DIR; };
		391C9FB228AE30F500E2F849 /* AppDelegate.swift */ = {isa = PBXFileReference; lastKnownFileType = sourcecode.swift; path = AppDelegate.swift; sourceTree = "<group>"; };
		391C9FB428AE30F500E2F849 /* SceneDelegate.swift */ = {isa = PBXFileReference; lastKnownFileType = sourcecode.swift; path = SceneDelegate.swift; sourceTree = "<group>"; };
		391C9FB628AE30F500E2F849 /* ViewController.swift */ = {isa = PBXFileReference; lastKnownFileType = sourcecode.swift; path = ViewController.swift; sourceTree = "<group>"; };
		391C9FB928AE30F500E2F849 /* Base */ = {isa = PBXFileReference; lastKnownFileType = file.storyboard; name = Base; path = Base.lproj/Main.storyboard; sourceTree = "<group>"; };
		391C9FBC28AE30F500E2F849 /* Guess.xcdatamodel */ = {isa = PBXFileReference; lastKnownFileType = wrapper.xcdatamodel; path = Guess.xcdatamodel; sourceTree = "<group>"; };
		391C9FBE28AE30F700E2F849 /* Assets.xcassets */ = {isa = PBXFileReference; lastKnownFileType = folder.assetcatalog; path = Assets.xcassets; sourceTree = "<group>"; };
		391C9FC128AE30F700E2F849 /* Base */ = {isa = PBXFileReference; lastKnownFileType = file.storyboard; name = Base; path = Base.lproj/LaunchScreen.storyboard; sourceTree = "<group>"; };
		391C9FC328AE30F700E2F849 /* Info.plist */ = {isa = PBXFileReference; lastKnownFileType = text.plist.xml; path = Info.plist; sourceTree = "<group>"; };
		39F8195228B4DC24007FEEE9 /* SecondViewController.swift */ = {isa = PBXFileReference; lastKnownFileType = sourcecode.swift; path = SecondViewController.swift; sourceTree = "<group>"; };
/* End PBXFileReference section */

/* Begin PBXFrameworksBuildPhase section */
		391C9FAC28AE30F500E2F849 /* Frameworks */ = {
			isa = PBXFrameworksBuildPhase;
			buildActionMask = 2147483647;
			files = (
			);
			runOnlyForDeploymentPostprocessing = 0;
		};
/* End PBXFrameworksBuildPhase section */

/* Begin PBXGroup section */
		391C9FA628AE30F500E2F849 = {
			isa = PBXGroup;
			children = (
				391C9FB128AE30F500E2F849 /* Guess */,
				391C9FB028AE30F500E2F849 /* Products */,
			);
			sourceTree = "<group>";
		};
		391C9FB028AE30F500E2F849 /* Products */ = {
			isa = PBXGroup;
			children = (
				391C9FAF28AE30F500E2F849 /* Guess.app */,
			);
			name = Products;
			sourceTree = "<group>";
		};
		391C9FB128AE30F500E2F849 /* Guess */ = {
			isa = PBXGroup;
			children = (
				391C9FB228AE30F500E2F849 /* AppDelegate.swift */,
				391C9FB428AE30F500E2F849 /* SceneDelegate.swift */,
				391C9FB628AE30F500E2F849 /* ViewController.swift */,
				39F8195228B4DC24007FEEE9 /* SecondViewController.swift */,
				391C9FB828AE30F500E2F849 /* Main.storyboard */,
				391C9FBE28AE30F700E2F849 /* Assets.xcassets */,
				391C9FC028AE30F700E2F849 /* LaunchScreen.storyboard */,
				391C9FC328AE30F700E2F849 /* Info.plist */,
				391C9FBB28AE30F500E2F849 /* Guess.xcdatamodeld */,
			);
			path = Guess;
			sourceTree = "<group>";
		};
/* End PBXGroup section */

/* Begin PBXNativeTarget section */
		391C9FAE28AE30F500E2F849 /* Guess */ = {
			isa = PBXNativeTarget;
			buildConfigurationList = 391C9FC628AE30F700E2F849 /* Build configuration list for PBXNativeTarget "Guess" */;
			buildPhases = (
				391C9FAB28AE30F500E2F849 /* Sources */,
				391C9FAC28AE30F500E2F849 /* Frameworks */,
				391C9FAD28AE30F500E2F849 /* Resources */,
			);
			buildRules = (
			);
			dependencies = (
			);
			name = Guess;
			productName = Guess;
			productReference = 391C9FAF28AE30F500E2F849 /* Guess.app */;
			productType = "com.apple.product-type.application";
		};
/* End PBXNativeTarget section */

/* Begin PBXProject section */
		391C9FA728AE30F500E2F849 /* Project object */ = {
			isa = PBXProject;
			attributes = {
				BuildIndependentTargetsInParallel = 1;
				LastSwiftUpdateCheck = 1340;
				LastUpgradeCheck = 1340;
				TargetAttributes = {
					391C9FAE28AE30F500E2F849 = {
						CreatedOnToolsVersion = 13.4.1;
					};
				};
			};
			buildConfigurationList = 391C9FAA28AE30F500E2F849 /* Build configuration list for PBXProject "Guess" */;
			compatibilityVersion = "Xcode 13.0";
			developmentRegion = en;
			hasScannedForEncodings = 0;
			knownRegions = (
				en,
				Base,
			);
			mainGroup = 391C9FA628AE30F500E2F849;
			productRefGroup = 391C9FB028AE30F500E2F849 /* Products */;
			projectDirPath = "";
			projectRoot = "";
			targets = (
				391C9FAE28AE30F500E2F849 /* Guess */,
			);
		};
/* End PBXProject section */

/* Begin PBXResourcesBuildPhase section */
		391C9FAD28AE30F500E2F849 /* Resources */ = {
			isa = PBXResourcesBuildPhase;
			buildActionMask = 2147483647;
			files = (
				391C9FC228AE30F700E2F849 /* LaunchScreen.storyboard in Resources */,
				391C9FBF28AE30F700E2F849 /* Assets.xcassets in Resources */,
				391C9FBA28AE30F500E2F849 /* Main.storyboard in Resources */,
			);
			runOnlyForDeploymentPostprocessing = 0;
		};
/* End PBXResourcesBuildPhase section */

/* Begin PBXSourcesBuildPhase section */
		391C9FAB28AE30F500E2F849 /* Sources */ = {
			isa = PBXSourcesBuildPhase;
			buildActionMask = 2147483647;
			files = (
				391C9FB728AE30F500E2F849 /* ViewController.swift in Sources */,
				391C9FBD28AE30F500E2F849 /* Guess.xcdatamodeld in Sources */,
				391C9FB328AE30F500E2F849 /* AppDelegate.swift in Sources */,
				39F8195328B4DC24007FEEE9 /* SecondViewController.swift in Sources */,
				391C9FB528AE30F500E2F849 /* SceneDelegate.swift in Sources */,
			);
			runOnlyForDeploymentPostprocessing = 0;
		};
/* End PBXSourcesBuildPhase section */

/* Begin PBXVariantGroup section */
		391C9FB828AE30F500E2F849 /* Main.storyboard */ = {
			isa = PBXVariantGroup;
			children = (
				391C9FB928AE30F500E2F849 /* Base */,
			);
			name = Main.storyboard;
			sourceTree = "<group>";
		};
		391C9FC028AE30F700E2F849 /* LaunchScreen.storyboard */ = {
			isa = PBXVariantGroup;
			children = (
				391C9FC128AE30F700E2F849 /* Base */,
			);
			name = LaunchScreen.storyboard;
			sourceTree = "<group>";
		};
/* End PBXVariantGroup section */

/* Begin XCBuildConfiguration section */
		391C9FC428AE30F700E2F849 /* Debug */ = {
			isa = XCBuildConfiguration;
			buildSettings = {
				ALWAYS_SEARCH_USER_PATHS = NO;
				CLANG_ANALYZER_NONNULL = YES;
				CLANG_ANALYZER_NUMBER_OBJECT_CONVERSION = YES_AGGRESSIVE;
				CLANG_CXX_LANGUAGE_STANDARD = "gnu++17";
				CLANG_ENABLE_MODULES = YES;
				CLANG_ENABLE_OBJC_ARC = YES;
				CLANG_ENABLE_OBJC_WEAK = YES;
				CLANG_WARN_BLOCK_CAPTURE_AUTORELEASING = YES;
				CLANG_WARN_BOOL_CONVERSION = YES;
				CLANG_WARN_COMMA = YES;
				CLANG_WARN_CONSTANT_CONVERSION = YES;
				CLANG_WARN_DEPRECATED_OBJC_IMPLEMENTATIONS = YES;
				CLANG_WARN_DIRECT_OBJC_ISA_USAGE = YES_ERROR;
				CLANG_WARN_DOCUMENTATION_COMMENTS = YES;
				CLANG_WARN_EMPTY_BODY = YES;
				CLANG_WARN_ENUM_CONVERSION = YES;
				CLANG_WARN_INFINITE_RECURSION = YES;
				CLANG_WARN_INT_CONVERSION = YES;
				CLANG_WARN_NON_LITERAL_NULL_CONVERSION = YES;
				CLANG_WARN_OBJC_IMPLICIT_RETAIN_SELF = YES;
				CLANG_WARN_OBJC_LITERAL_CONVERSION = YES;
				CLANG_WARN_OBJC_ROOT_CLASS = YES_ERROR;
				CLANG_WARN_QUOTED_INCLUDE_IN_FRAMEWORK_HEADER = YES;
				CLANG_WARN_RANGE_LOOP_ANALYSIS = YES;
				CLANG_WARN_STRICT_PROTOTYPES = YES;
				CLANG_WARN_SUSPICIOUS_MOVE = YES;
				CLANG_WARN_UNGUARDED_AVAILABILITY = YES_AGGRESSIVE;
				CLANG_WARN_UNREACHABLE_CODE = YES;
				CLANG_WARN__DUPLICATE_METHOD_MATCH = YES;
				COPY_PHASE_STRIP = NO;
				DEBUG_INFORMATION_FORMAT = dwarf;
				ENABLE_STRICT_OBJC_MSGSEND = YES;
				ENABLE_TESTABILITY = YES;
				GCC_C_LANGUAGE_STANDARD = gnu11;
				GCC_DYNAMIC_NO_PIC = NO;
				GCC_NO_COMMON_BLOCKS = YES;
				GCC_OPTIMIZATION_LEVEL = 0;
				GCC_PREPROCESSOR_DEFINITIONS = (
					"DEBUG=1",
					"$(inherited)",
				);
				GCC_WARN_64_TO_32_BIT_CONVERSION = YES;
				GCC_WARN_ABOUT_RETURN_TYPE = YES_ERROR;
				GCC_WARN_UNDECLARED_SELECTOR = YES;
				GCC_WARN_UNINITIALIZED_AUTOS = YES_AGGRESSIVE;
				GCC_WARN_UNUSED_FUNCTION = YES;
				GCC_WARN_UNUSED_VARIABLE = YES;
				IPHONEOS_DEPLOYMENT_TARGET = 15.5;
				MTL_ENABLE_DEBUG_INFO = INCLUDE_SOURCE;
				MTL_FAST_MATH = YES;
				ONLY_ACTIVE_ARCH = YES;
				SDKROOT = iphoneos;
				SWIFT_ACTIVE_COMPILATION_CONDITIONS = DEBUG;
				SWIFT_OPTIMIZATION_LEVEL = "-Onone";
			};
			name = Debug;
		};
		391C9FC528AE30F700E2F849 /* Release */ = {
			isa = XCBuildConfiguration;
			buildSettings = {
				ALWAYS_SEARCH_USER_PATHS = NO;
				CLANG_ANALYZER_NONNULL = YES;
				CLANG_ANALYZER_NUMBER_OBJECT_CONVERSION = YES_AGGRESSIVE;
				CLANG_CXX_LANGUAGE_STANDARD = "gnu++17";
				CLANG_ENABLE_MODULES = YES;
				CLANG_ENABLE_OBJC_ARC = YES;
				CLANG_ENABLE_OBJC_WEAK = YES;
				CLANG_WARN_BLOCK_CAPTURE_AUTORELEASING = YES;
				CLANG_WARN_BOOL_CONVERSION = YES;
				CLANG_WARN_COMMA = YES;
				CLANG_WARN_CONSTANT_CONVERSION = YES;
				CLANG_WARN_DEPRECATED_OBJC_IMPLEMENTATIONS = YES;
				CLANG_WARN_DIRECT_OBJC_ISA_USAGE = YES_ERROR;
				CLANG_WARN_DOCUMENTATION_COMMENTS = YES;
				CLANG_WARN_EMPTY_BODY = YES;
				CLANG_WARN_ENUM_CONVERSION = YES;
				CLANG_WARN_INFINITE_RECURSION = YES;
				CLANG_WARN_INT_CONVERSION = YES;
				CLANG_WARN_NON_LITERAL_NULL_CONVERSION = YES;
				CLANG_WARN_OBJC_IMPLICIT_RETAIN_SELF = YES;
				CLANG_WARN_OBJC_LITERAL_CONVERSION = YES;
				CLANG_WARN_OBJC_ROOT_CLASS = YES_ERROR;
				CLANG_WARN_QUOTED_INCLUDE_IN_FRAMEWORK_HEADER = YES;
				CLANG_WARN_RANGE_LOOP_ANALYSIS = YES;
				CLANG_WARN_STRICT_PROTOTYPES = YES;
				CLANG_WARN_SUSPICIOUS_MOVE = YES;
				CLANG_WARN_UNGUARDED_AVAILABILITY = YES_AGGRESSIVE;
				CLANG_WARN_UNREACHABLE_CODE = YES;
				CLANG_WARN__DUPLICATE_METHOD_MATCH = YES;
				COPY_PHASE_STRIP = NO;
				DEBUG_INFORMATION_FORMAT = "dwarf-with-dsym";
				ENABLE_NS_ASSERTIONS = NO;
				ENABLE_STRICT_OBJC_MSGSEND = YES;
				GCC_C_LANGUAGE_STANDARD = gnu11;
				GCC_NO_COMMON_BLOCKS = YES;
				GCC_WARN_64_TO_32_BIT_CONVERSION = YES;
				GCC_WARN_ABOUT_RETURN_TYPE = YES_ERROR;
				GCC_WARN_UNDECLARED_SELECTOR = YES;
				GCC_WARN_UNINITIALIZED_AUTOS = YES_AGGRESSIVE;
				GCC_WARN_UNUSED_FUNCTION = YES;
				GCC_WARN_UNUSED_VARIABLE = YES;
				IPHONEOS_DEPLOYMENT_TARGET = 15.5;
				MTL_ENABLE_DEBUG_INFO = NO;
				MTL_FAST_MATH = YES;
				SDKROOT = iphoneos;
				SWIFT_COMPILATION_MODE = wholemodule;
				SWIFT_OPTIMIZATION_LEVEL = "-O";
				VALIDATE_PRODUCT = YES;
			};
			name = Release;
		};
		391C9FC728AE30F700E2F849 /* Debug */ = {
			isa = XCBuildConfiguration;
			buildSettings = {
				ASSETCATALOG_COMPILER_APPICON_NAME = AppIcon;
				ASSETCATALOG_COMPILER_GLOBAL_ACCENT_COLOR_NAME = AccentColor;
				CODE_SIGN_STYLE = Automatic;
				CURRENT_PROJECT_VERSION = 1;
				DEVELOPMENT_TEAM = SC6B4RSKK6;
				GENERATE_INFOPLIST_FILE = YES;
				INFOPLIST_FILE = Guess/Info.plist;
				INFOPLIST_KEY_UIApplicationSupportsIndirectInputEvents = YES;
				INFOPLIST_KEY_UILaunchStoryboardName = LaunchScreen;
				INFOPLIST_KEY_UIMainStoryboardFile = Main;
				INFOPLIST_KEY_UISupportedInterfaceOrientations = "UIInterfaceOrientationLandscapeLeft UIInterfaceOrientationLandscapeRight";
				INFOPLIST_KEY_UISupportedInterfaceOrientations_iPad = "UIInterfaceOrientationPortrait UIInterfaceOrientationPortraitUpsideDown UIInterfaceOrientationLandscapeLeft UIInterfaceOrientationLandscapeRight";
				INFOPLIST_KEY_UISupportedInterfaceOrientations_iPhone = "UIInterfaceOrientationPortrait UIInterfaceOrientationLandscapeLeft UIInterfaceOrientationLandscapeRight";
				LD_RUNPATH_SEARCH_PATHS = (
					"$(inherited)",
					"@executable_path/Frameworks",
				);
				MARKETING_VERSION = 1.1;
				PRODUCT_BUNDLE_IDENTIFIER = com.Chopenko.Guess;
				PRODUCT_NAME = "$(TARGET_NAME)";
				SWIFT_EMIT_LOC_STRINGS = YES;
				SWIFT_VERSION = 5.0;
				TARGETED_DEVICE_FAMILY = "1,2";
			};
			name = Debug;
		};
		391C9FC828AE30F700E2F849 /* Release */ = {
			isa = XCBuildConfiguration;
			buildSettings = {
				ASSETCATALOG_COMPILER_APPICON_NAME = AppIcon;
				ASSETCATALOG_COMPILER_GLOBAL_ACCENT_COLOR_NAME = AccentColor;
				CODE_SIGN_STYLE = Automatic;
				CURRENT_PROJECT_VERSION = 1;
				DEVELOPMENT_TEAM = SC6B4RSKK6;
				GENERATE_INFOPLIST_FILE = YES;
				INFOPLIST_FILE = Guess/Info.plist;
				INFOPLIST_KEY_UIApplicationSupportsIndirectInputEvents = YES;
				INFOPLIST_KEY_UILaunchStoryboardName = LaunchScreen;
				INFOPLIST_KEY_UIMainStoryboardFile = Main;
				INFOPLIST_KEY_UISupportedInterfaceOrientations = "UIInterfaceOrientationLandscapeLeft UIInterfaceOrientationLandscapeRight";
				INFOPLIST_KEY_UISupportedInterfaceOrientations_iPad = "UIInterfaceOrientationPortrait UIInterfaceOrientationPortraitUpsideDown UIInterfaceOrientationLandscapeLeft UIInterfaceOrientationLandscapeRight";
				INFOPLIST_KEY_UISupportedInterfaceOrientations_iPhone = "UIInterfaceOrientationPortrait UIInterfaceOrientationLandscapeLeft UIInterfaceOrientationLandscapeRight";
				LD_RUNPATH_SEARCH_PATHS = (
					"$(inherited)",
					"@executable_path/Frameworks",
				);
				MARKETING_VERSION = 1.1;
				PRODUCT_BUNDLE_IDENTIFIER = com.Chopenko.Guess;
				PRODUCT_NAME = "$(TARGET_NAME)";
				SWIFT_EMIT_LOC_STRINGS = YES;
				SWIFT_VERSION = 5.0;
				TARGETED_DEVICE_FAMILY = "1,2";
			};
			name = Release;
		};
/* End XCBuildConfiguration section */

/* Begin XCConfigurationList section */
		391C9FAA28AE30F500E2F849 /* Build configuration list for PBXProject "Guess" */ = {
			isa = XCConfigurationList;
			buildConfigurations = (
				391C9FC428AE30F700E2F849 /* Debug */,
				391C9FC528AE30F700E2F849 /* Release */,
			);
			defaultConfigurationIsVisible = 0;
			defaultConfigurationName = Release;
		};
		391C9FC628AE30F700E2F849 /* Build configuration list for PBXNativeTarget "Guess" */ = {
			isa = XCConfigurationList;
			buildConfigurations = (
				391C9FC728AE30F700E2F849 /* Debug */,
				391C9FC828AE30F700E2F849 /* Release */,
			);
			defaultConfigurationIsVisible = 0;
			defaultConfigurationName = Release;
		};
/* End XCConfigurationList section */

/* Begin XCVersionGroup section */
		391C9FBB28AE30F500E2F849 /* Guess.xcdatamodeld */ = {
			isa = XCVersionGroup;
			children = (
				391C9FBC28AE30F500E2F849 /* Guess.xcdatamodel */,
			);
			currentVersion = 391C9FBC28AE30F500E2F849 /* Guess.xcdatamodel */;
			path = Guess.xcdatamodeld;
			sourceTree = "<group>";
			versionGroupType = wrapper.xcdatamodel;
		};
/* End XCVersionGroup section */
	};
	rootObject = 391C9FA728AE30F500E2F849 /* Project object */;
}
